
Microsoft Visual Studio Solution File, Format Version 12.00
# Visual Studio 15
VisualStudioVersion = 15.0.26730.16
MinimumVisualStudioVersion = 10.0.40219.1
Project("{FAE04EC0-301F-11D3-BF4B-00C04F79EFBC}") = "Creative.Restaurant.Operations.Data", "Creative.Restaurant.Operations.Data\Creative.Restaurant.Operations.Data.csproj", "{BF772F7E-22C8-471E-AB5A-2E76A0FEACB1}"
EndProject
Global
	GlobalSection(SolutionConfigurationPlatforms) = preSolution
		Debug|Any CPU = Debug|Any CPU
		Release|Any CPU = Release|Any CPU
	EndGlobalSection
	GlobalSection(ProjectConfigurationPlatforms) = postSolution
		{BF772F7E-22C8-471E-AB5A-2E76A0FEACB1}.Debug|Any CPU.ActiveCfg = Debug|Any CPU
		{BF772F7E-22C8-471E-AB5A-2E76A0FEACB1}.Debug|Any CPU.Build.0 = Debug|Any CPU
		{BF772F7E-22C8-471E-AB5A-2E76A0FEACB1}.Release|Any CPU.ActiveCfg = Release|Any CPU
		{BF772F7E-22C8-471E-AB5A-2E76A0FEACB1}.Release|Any CPU.Build.0 = Release|Any CPU
	EndGlobalSection
	GlobalSection(SolutionProperties) = preSolution
		HideSolutionNode = FALSE
	EndGlobalSection
	GlobalSection(ExtensibilityGlobals) = postSolution
		SolutionGuid = {B7AB3542-F862-4421-8CF8-FABAAD4306EC}
	EndGlobalSection
EndGlobal
